
Microsoft Visual Studio Solution File, Format Version 10.00
# Visual Studio 2008
Project("{8BC9CEB8-8B4A-11D0-8D11-00A0C91BC942}") = "P5", "P5\P5.vcproj", "{EE8A5841-505F-4E43-A0A1-F7F52B21760D}"
EndProject
Global
	GlobalSection(SolutionConfigurationPlatforms) = preSolution
		Debug|Win32 = Debug|Win32
		Release|Win32 = Release|Win32
	EndGlobalSection
	GlobalSection(ProjectConfigurationPlatforms) = postSolution
		{EE8A5841-505F-4E43-A0A1-F7F52B21760D}.Debug|Win32.ActiveCfg = Debug|Win32
		{EE8A5841-505F-4E43-A0A1-F7F52B21760D}.Debug|Win32.Build.0 = Debug|Win32
		{EE8A5841-505F-4E43-A0A1-F7F52B21760D}.Release|Win32.ActiveCfg = Release|Win32
		{EE8A5841-505F-4E43-A0A1-F7F52B21760D}.Release|Win32.Build.0 = Release|Win32
	EndGlobalSection
	GlobalSection(SolutionProperties) = preSolution
		HideSolutionNode = FALSE
	EndGlobalSection
EndGlobal
