
Microsoft Visual Studio Solution File, Format Version 10.00
# Visual Studio 2008
Project("{8BC9CEB8-8B4A-11D0-8D11-00A0C91BC942}") = "P8", "P8\P8.vcproj", "{8E917B8C-7D6D-4E14-848F-A83C7EC94BB9}"
EndProject
Global
	GlobalSection(SolutionConfigurationPlatforms) = preSolution
		Debug|Win32 = Debug|Win32
		Release|Win32 = Release|Win32
	EndGlobalSection
	GlobalSection(ProjectConfigurationPlatforms) = postSolution
		{8E917B8C-7D6D-4E14-848F-A83C7EC94BB9}.Debug|Win32.ActiveCfg = Debug|Win32
		{8E917B8C-7D6D-4E14-848F-A83C7EC94BB9}.Debug|Win32.Build.0 = Debug|Win32
		{8E917B8C-7D6D-4E14-848F-A83C7EC94BB9}.Release|Win32.ActiveCfg = Release|Win32
		{8E917B8C-7D6D-4E14-848F-A83C7EC94BB9}.Release|Win32.Build.0 = Release|Win32
	EndGlobalSection
	GlobalSection(SolutionProperties) = preSolution
		HideSolutionNode = FALSE
	EndGlobalSection
EndGlobal
